
Microsoft Visual Studio Solution File, Format Version 12.00
# Visual Studio Version 17
VisualStudioVersion = 17.8.34525.116
MinimumVisualStudioVersion = 10.0.40219.1
Project("{FAE04EC0-301F-11D3-BF4B-00C04F79EFBC}") = "Parcial_01_Punto_1", "Parcial_01_Punto_1.csproj", "{A42306D9-8C1B-43D3-AFC8-91AD022A318D}"
EndProject
Global
	GlobalSection(SolutionConfigurationPlatforms) = preSolution
		Debug|Any CPU = Debug|Any CPU
		Release|Any CPU = Release|Any CPU
	EndGlobalSection
	GlobalSection(ProjectConfigurationPlatforms) = postSolution
		{A42306D9-8C1B-43D3-AFC8-91AD022A318D}.Debug|Any CPU.ActiveCfg = Debug|Any CPU
		{A42306D9-8C1B-43D3-AFC8-91AD022A318D}.Debug|Any CPU.Build.0 = Debug|Any CPU
		{A42306D9-8C1B-43D3-AFC8-91AD022A318D}.Release|Any CPU.ActiveCfg = Release|Any CPU
		{A42306D9-8C1B-43D3-AFC8-91AD022A318D}.Release|Any CPU.Build.0 = Release|Any CPU
	EndGlobalSection
	GlobalSection(SolutionProperties) = preSolution
		HideSolutionNode = FALSE
	EndGlobalSection
	GlobalSection(ExtensibilityGlobals) = postSolution
		SolutionGuid = {4E5EDF2D-62CA-47D6-8191-3FC5294A23E9}
	EndGlobalSection
EndGlobal
